
Microsoft Visual Studio Solution File, Format Version 12.00
# Visual Studio Version 17
VisualStudioVersion = 17.0.31903.59
MinimumVisualStudioVersion = 10.0.40219.1
Project("{FAE04EC0-301F-11D3-BF4B-00C04F79EFBC}") = "TourManagement.Api", "TourManagement.Api\TourManagement.Api.csproj", "{1AAFFA26-A5ED-425F-BDE0-94E94DD96E85}"
EndProject
Project("{FAE04EC0-301F-11D3-BF4B-00C04F79EFBC}") = "TourManagement.Api.Tests", "TourManagement.Api.Tests\TourManagement.Api.Tests.csproj", "{8AA9A0B9-C6AB-4EF4-9733-CAD15227DC84}"
EndProject
Global
	GlobalSection(SolutionConfigurationPlatforms) = preSolution
		Debug|Any CPU = Debug|Any CPU
		Release|Any CPU = Release|Any CPU
	EndGlobalSection
	GlobalSection(SolutionProperties) = preSolution
		HideSolutionNode = FALSE
	EndGlobalSection
	GlobalSection(ProjectConfigurationPlatforms) = postSolution
		{1AAFFA26-A5ED-425F-BDE0-94E94DD96E85}.Debug|Any CPU.ActiveCfg = Debug|Any CPU
		{1AAFFA26-A5ED-425F-BDE0-94E94DD96E85}.Debug|Any CPU.Build.0 = Debug|Any CPU
		{1AAFFA26-A5ED-425F-BDE0-94E94DD96E85}.Release|Any CPU.ActiveCfg = Release|Any CPU
		{1AAFFA26-A5ED-425F-BDE0-94E94DD96E85}.Release|Any CPU.Build.0 = Release|Any CPU
		{8AA9A0B9-C6AB-4EF4-9733-CAD15227DC84}.Debug|Any CPU.ActiveCfg = Debug|Any CPU
		{8AA9A0B9-C6AB-4EF4-9733-CAD15227DC84}.Debug|Any CPU.Build.0 = Debug|Any CPU
		{8AA9A0B9-C6AB-4EF4-9733-CAD15227DC84}.Release|Any CPU.ActiveCfg = Release|Any CPU
		{8AA9A0B9-C6AB-4EF4-9733-CAD15227DC84}.Release|Any CPU.Build.0 = Release|Any CPU
	EndGlobalSection
EndGlobal
